
Microsoft Visual Studio Solution File, Format Version 12.00
# Visual Studio Version 17
VisualStudioVersion = 17.1.31911.260
MinimumVisualStudioVersion = 10.0.40219.1
Project("{9A19103F-16F7-4668-BE54-9A1E7A4F7556}") = "Catalog.Api", "Services\Catalog\Catalog.Api\Catalog.Api.csproj", "{CB7ABEE0-6C16-419C-9976-DF2016A454FF}"
EndProject
Project("{2150E333-8FDC-42A3-9474-1A3956D46DE8}") = "Services", "Services", "{3885E262-1F6C-4139-85E4-12081A84F7DD}"
EndProject
Project("{E53339B2-1760-4266-BCC7-CA923CBCF16C}") = "docker-compose", "docker-compose.dcproj", "{27D4097E-0423-4102-9986-6313C6382C41}"
EndProject
Project("{9A19103F-16F7-4668-BE54-9A1E7A4F7556}") = "Basket.Api", "Services\Basket\Basket.Api\Basket.Api.csproj", "{AB459F92-7415-4F17-9A49-4147FECD703B}"
EndProject
Project("{9A19103F-16F7-4668-BE54-9A1E7A4F7556}") = "Discount.Api", "Services\Discount\Discount.Api\Discount.Api.csproj", "{7402FD32-B5C7-4782-97BB-3B689C76B673}"
EndProject
Project("{9A19103F-16F7-4668-BE54-9A1E7A4F7556}") = "Discount.Grpc", "Services\Discount\Discount.Grpc\Discount.Grpc.csproj", "{9D04A5AB-9F40-4F1C-B6A3-743EEDD1F018}"
EndProject
Project("{2150E333-8FDC-42A3-9474-1A3956D46DE8}") = "Basket", "Basket", "{C150981A-23D8-4DDD-8AA5-9B611C15A788}"
EndProject
Project("{2150E333-8FDC-42A3-9474-1A3956D46DE8}") = "Catalog", "Catalog", "{7666B622-489A-4DAB-9DD2-05284B2396D1}"
EndProject
Project("{2150E333-8FDC-42A3-9474-1A3956D46DE8}") = "Discount", "Discount", "{00927F3A-0E89-4DC6-8301-6F07B6A9D6E8}"
EndProject
Project("{2150E333-8FDC-42A3-9474-1A3956D46DE8}") = "Ordering", "Ordering", "{AA196406-1947-48A4-86B4-5AFCA39F8734}"
EndProject
Project("{9A19103F-16F7-4668-BE54-9A1E7A4F7556}") = "Ordering.Api", "Services\Ordering\Ordering.Api\Ordering.Api.csproj", "{E3AD279A-7EE2-4810-B6C5-C2885F486DCB}"
EndProject
Project("{9A19103F-16F7-4668-BE54-9A1E7A4F7556}") = "Ordering.Domain", "Services\Ordering\Ordering.Domain\Ordering.Domain.csproj", "{F3C59932-B05D-4D34-A01A-AC79988F045F}"
EndProject
Project("{9A19103F-16F7-4668-BE54-9A1E7A4F7556}") = "Ordering.Application", "Services\Ordering\Ordering.Application\Ordering.Application.csproj", "{DADF2DB6-3F52-4EA6-BED4-4257D0D64819}"
EndProject
Project("{9A19103F-16F7-4668-BE54-9A1E7A4F7556}") = "Ordering.Infrastructure", "Services\Ordering\Ordering.Infrastructure\Ordering.Infrastructure.csproj", "{2CB6C0C5-88D8-42D4-BD47-BB3575406580}"
EndProject
Project("{2150E333-8FDC-42A3-9474-1A3956D46DE8}") = "BuildingBlocks", "BuildingBlocks", "{214C09D9-3AC2-4F1E-812E-58C4CCACB698}"
EndProject
Project("{9A19103F-16F7-4668-BE54-9A1E7A4F7556}") = "EventBus.Messages", "BuildingBlocks\EventBus.Messages\EventBus.Messages.csproj", "{E2A670F9-AC02-465E-9D53-8108DD02F0D2}"
EndProject
Project("{2150E333-8FDC-42A3-9474-1A3956D46DE8}") = "ApiGateways", "ApiGateways", "{486F374E-4066-49C1-A474-3380FF8E2999}"
EndProject
Project("{FAE04EC0-301F-11D3-BF4B-00C04F79EFBC}") = "OcelotApiGateway", "ApiGateways\OcelotApiGateway\OcelotApiGateway.csproj", "{5C6DA804-2267-44C2-81A7-EBB8B8EE8E4D}"
EndProject
Project("{FAE04EC0-301F-11D3-BF4B-00C04F79EFBC}") = "ShoppingAggregator", "ApiGateways\ShoppingAggregator\ShoppingAggregator.csproj", "{75453CAF-8503-49E2-94F3-960198AAB9AB}"
EndProject
Global
	GlobalSection(SolutionConfigurationPlatforms) = preSolution
		Debug|Any CPU = Debug|Any CPU
		Release|Any CPU = Release|Any CPU
	EndGlobalSection
	GlobalSection(ProjectConfigurationPlatforms) = postSolution
		{CB7ABEE0-6C16-419C-9976-DF2016A454FF}.Debug|Any CPU.ActiveCfg = Debug|Any CPU
		{CB7ABEE0-6C16-419C-9976-DF2016A454FF}.Debug|Any CPU.Build.0 = Debug|Any CPU
		{CB7ABEE0-6C16-419C-9976-DF2016A454FF}.Release|Any CPU.ActiveCfg = Release|Any CPU
		{CB7ABEE0-6C16-419C-9976-DF2016A454FF}.Release|Any CPU.Build.0 = Release|Any CPU
		{27D4097E-0423-4102-9986-6313C6382C41}.Debug|Any CPU.ActiveCfg = Debug|Any CPU
		{27D4097E-0423-4102-9986-6313C6382C41}.Debug|Any CPU.Build.0 = Debug|Any CPU
		{27D4097E-0423-4102-9986-6313C6382C41}.Release|Any CPU.ActiveCfg = Release|Any CPU
		{27D4097E-0423-4102-9986-6313C6382C41}.Release|Any CPU.Build.0 = Release|Any CPU
		{AB459F92-7415-4F17-9A49-4147FECD703B}.Debug|Any CPU.ActiveCfg = Debug|Any CPU
		{AB459F92-7415-4F17-9A49-4147FECD703B}.Debug|Any CPU.Build.0 = Debug|Any CPU
		{AB459F92-7415-4F17-9A49-4147FECD703B}.Release|Any CPU.ActiveCfg = Release|Any CPU
		{AB459F92-7415-4F17-9A49-4147FECD703B}.Release|Any CPU.Build.0 = Release|Any CPU
		{7402FD32-B5C7-4782-97BB-3B689C76B673}.Debug|Any CPU.ActiveCfg = Debug|Any CPU
		{7402FD32-B5C7-4782-97BB-3B689C76B673}.Debug|Any CPU.Build.0 = Debug|Any CPU
		{7402FD32-B5C7-4782-97BB-3B689C76B673}.Release|Any CPU.ActiveCfg = Release|Any CPU
		{7402FD32-B5C7-4782-97BB-3B689C76B673}.Release|Any CPU.Build.0 = Release|Any CPU
		{9D04A5AB-9F40-4F1C-B6A3-743EEDD1F018}.Debug|Any CPU.ActiveCfg = Debug|Any CPU
		{9D04A5AB-9F40-4F1C-B6A3-743EEDD1F018}.Debug|Any CPU.Build.0 = Debug|Any CPU
		{9D04A5AB-9F40-4F1C-B6A3-743EEDD1F018}.Release|Any CPU.ActiveCfg = Release|Any CPU
		{9D04A5AB-9F40-4F1C-B6A3-743EEDD1F018}.Release|Any CPU.Build.0 = Release|Any CPU
		{E3AD279A-7EE2-4810-B6C5-C2885F486DCB}.Debug|Any CPU.ActiveCfg = Debug|Any CPU
		{E3AD279A-7EE2-4810-B6C5-C2885F486DCB}.Debug|Any CPU.Build.0 = Debug|Any CPU
		{E3AD279A-7EE2-4810-B6C5-C2885F486DCB}.Release|Any CPU.ActiveCfg = Release|Any CPU
		{E3AD279A-7EE2-4810-B6C5-C2885F486DCB}.Release|Any CPU.Build.0 = Release|Any CPU
		{F3C59932-B05D-4D34-A01A-AC79988F045F}.Debug|Any CPU.ActiveCfg = Debug|Any CPU
		{F3C59932-B05D-4D34-A01A-AC79988F045F}.Debug|Any CPU.Build.0 = Debug|Any CPU
		{F3C59932-B05D-4D34-A01A-AC79988F045F}.Release|Any CPU.ActiveCfg = Release|Any CPU
		{F3C59932-B05D-4D34-A01A-AC79988F045F}.Release|Any CPU.Build.0 = Release|Any CPU
		{DADF2DB6-3F52-4EA6-BED4-4257D0D64819}.Debug|Any CPU.ActiveCfg = Debug|Any CPU
		{DADF2DB6-3F52-4EA6-BED4-4257D0D64819}.Debug|Any CPU.Build.0 = Debug|Any CPU
		{DADF2DB6-3F52-4EA6-BED4-4257D0D64819}.Release|Any CPU.ActiveCfg = Release|Any CPU
		{DADF2DB6-3F52-4EA6-BED4-4257D0D64819}.Release|Any CPU.Build.0 = Release|Any CPU
		{2CB6C0C5-88D8-42D4-BD47-BB3575406580}.Debug|Any CPU.ActiveCfg = Debug|Any CPU
		{2CB6C0C5-88D8-42D4-BD47-BB3575406580}.Debug|Any CPU.Build.0 = Debug|Any CPU
		{2CB6C0C5-88D8-42D4-BD47-BB3575406580}.Release|Any CPU.ActiveCfg = Release|Any CPU
		{2CB6C0C5-88D8-42D4-BD47-BB3575406580}.Release|Any CPU.Build.0 = Release|Any CPU
		{E2A670F9-AC02-465E-9D53-8108DD02F0D2}.Debug|Any CPU.ActiveCfg = Debug|Any CPU
		{E2A670F9-AC02-465E-9D53-8108DD02F0D2}.Debug|Any CPU.Build.0 = Debug|Any CPU
		{E2A670F9-AC02-465E-9D53-8108DD02F0D2}.Release|Any CPU.ActiveCfg = Release|Any CPU
		{E2A670F9-AC02-465E-9D53-8108DD02F0D2}.Release|Any CPU.Build.0 = Release|Any CPU
		{5C6DA804-2267-44C2-81A7-EBB8B8EE8E4D}.Debug|Any CPU.ActiveCfg = Debug|Any CPU
		{5C6DA804-2267-44C2-81A7-EBB8B8EE8E4D}.Debug|Any CPU.Build.0 = Debug|Any CPU
		{5C6DA804-2267-44C2-81A7-EBB8B8EE8E4D}.Release|Any CPU.ActiveCfg = Release|Any CPU
		{5C6DA804-2267-44C2-81A7-EBB8B8EE8E4D}.Release|Any CPU.Build.0 = Release|Any CPU
		{75453CAF-8503-49E2-94F3-960198AAB9AB}.Debug|Any CPU.ActiveCfg = Debug|Any CPU
		{75453CAF-8503-49E2-94F3-960198AAB9AB}.Debug|Any CPU.Build.0 = Debug|Any CPU
		{75453CAF-8503-49E2-94F3-960198AAB9AB}.Release|Any CPU.ActiveCfg = Release|Any CPU
		{75453CAF-8503-49E2-94F3-960198AAB9AB}.Release|Any CPU.Build.0 = Release|Any CPU
	EndGlobalSection
	GlobalSection(SolutionProperties) = preSolution
		HideSolutionNode = FALSE
	EndGlobalSection
	GlobalSection(NestedProjects) = preSolution
		{CB7ABEE0-6C16-419C-9976-DF2016A454FF} = {7666B622-489A-4DAB-9DD2-05284B2396D1}
		{AB459F92-7415-4F17-9A49-4147FECD703B} = {C150981A-23D8-4DDD-8AA5-9B611C15A788}
		{7402FD32-B5C7-4782-97BB-3B689C76B673} = {00927F3A-0E89-4DC6-8301-6F07B6A9D6E8}
		{9D04A5AB-9F40-4F1C-B6A3-743EEDD1F018} = {00927F3A-0E89-4DC6-8301-6F07B6A9D6E8}
		{C150981A-23D8-4DDD-8AA5-9B611C15A788} = {3885E262-1F6C-4139-85E4-12081A84F7DD}
		{7666B622-489A-4DAB-9DD2-05284B2396D1} = {3885E262-1F6C-4139-85E4-12081A84F7DD}
		{00927F3A-0E89-4DC6-8301-6F07B6A9D6E8} = {3885E262-1F6C-4139-85E4-12081A84F7DD}
		{AA196406-1947-48A4-86B4-5AFCA39F8734} = {3885E262-1F6C-4139-85E4-12081A84F7DD}
		{E3AD279A-7EE2-4810-B6C5-C2885F486DCB} = {AA196406-1947-48A4-86B4-5AFCA39F8734}
		{F3C59932-B05D-4D34-A01A-AC79988F045F} = {AA196406-1947-48A4-86B4-5AFCA39F8734}
		{DADF2DB6-3F52-4EA6-BED4-4257D0D64819} = {AA196406-1947-48A4-86B4-5AFCA39F8734}
		{2CB6C0C5-88D8-42D4-BD47-BB3575406580} = {AA196406-1947-48A4-86B4-5AFCA39F8734}
		{E2A670F9-AC02-465E-9D53-8108DD02F0D2} = {214C09D9-3AC2-4F1E-812E-58C4CCACB698}
		{5C6DA804-2267-44C2-81A7-EBB8B8EE8E4D} = {486F374E-4066-49C1-A474-3380FF8E2999}
		{75453CAF-8503-49E2-94F3-960198AAB9AB} = {486F374E-4066-49C1-A474-3380FF8E2999}
	EndGlobalSection
	GlobalSection(ExtensibilityGlobals) = postSolution
		SolutionGuid = {C43399A8-9392-48E3-A164-B847046CAC3F}
	EndGlobalSection
EndGlobal
